{
    "name": "下拉多选、单选",
    "version": "1.0.5",
    "lockfileVersion": 2,
    "requires": true,
    "packages": {
        "": {
            "name": "下拉多选、单选",
            "version": "1.0.5",
            "dependencies": {
                "dayjs": "^1.11.5",
                "uview-ui": "^2.0.36"
            }
        },
        "node_modules/dayjs": {
            "version": "1.11.5",
            "resolved": "https://registry.npmmirror.com/dayjs/-/dayjs-1.11.5.tgz",
            "integrity": "sha512-CAdX5Q3YW3Gclyo5Vpqkgpj8fSdLQcRuzfX6mC6Phy0nfJ0eGYOeS7m4mt2plDWLAtA4TqTakvbboHvUxfe4iA=="
        },
        "node_modules/uview-ui": {
            "version": "2.0.36",
            "resolved": "https://registry.npmjs.org/uview-ui/-/uview-ui-2.0.36.tgz",
            "integrity": "sha512-ASSZT6M8w3GTO1eFPbsgEFV0U5UujK+8pTNr+MSUbRNcRMC1u63DDTLJVeArV91kWM0bfAexK3SK9pnTqF9TtA==",
            "engines": {
                "HBuilderX": "^3.1.0"
            }
        }
    },
    "dependencies": {
        "dayjs": {
            "version": "1.11.5",
            "resolved": "https://registry.npmmirror.com/dayjs/-/dayjs-1.11.5.tgz",
            "integrity": "sha512-CAdX5Q3YW3Gclyo5Vpqkgpj8fSdLQcRuzfX6mC6Phy0nfJ0eGYOeS7m4mt2plDWLAtA4TqTakvbboHvUxfe4iA=="
        },
        "uview-ui": {
            "version": "2.0.36",
            "resolved": "https://registry.npmjs.org/uview-ui/-/uview-ui-2.0.36.tgz",
            "integrity": "sha512-ASSZT6M8w3GTO1eFPbsgEFV0U5UujK+8pTNr+MSUbRNcRMC1u63DDTLJVeArV91kWM0bfAexK3SK9pnTqF9TtA=="
        }
    }
}
