{
    "name": "technician_mpweixin",
    "version": "1.0.5",
    "lockfileVersion": 1,
    "requires": true,
    "dependencies": {
        "base-64": {
            "version": "1.0.0",
            "resolved": "https://registry.npmmirror.com/base-64/-/base-64-1.0.0.tgz",
            "integrity": "sha512-kwDPIFCGx0NZHog36dj+tHiwP4QMzsZ3AgMViUBKI0+V5n4U0ufTCUMhnQ04diaRI8EX/QcPfql7zlhZ7j4zgg=="
        },
        "cool": {
            "version": "0.0.1",
            "resolved": "https://registry.npmmirror.com/cool/-/cool-0.0.1.tgz",
            "integrity": "sha512-JeaibhuXmmkIJHM/h7NPKiHreSjPi3j6bESr6+CzJ97iG1nAK0D+BxxcfSJqZ3pGimU+LqkQOn0UoXanSWq0Xw=="
        },
        "coordtransform": {
            "version": "2.1.2",
            "resolved": "https://registry.npmmirror.com/coordtransform/-/coordtransform-2.1.2.tgz",
            "integrity": "sha512-0xLJApBlrUP+clyLJWIaqg4GXE5JTbAJb5d/CDMqebIksAMMze8eAyO6YfHEIxWJ+c42mXoMHBzWTeUrG7RFhw=="
        },
        "dayjs": {
            "version": "1.11.13",
            "resolved": "https://registry.npmmirror.com/dayjs/-/dayjs-1.11.13.tgz",
            "integrity": "sha512-oaMBel6gjolK862uaPQOVTA7q3TZhuSvuMQAAglQDOWYO9A91IrAOUJEyKVlqJlHE0vq5p5UXxzdPfMH/x6xNg=="
        },
        "url-search-params-polyfill": {
            "version": "8.2.5",
            "resolved": "https://registry.npmmirror.com/url-search-params-polyfill/-/url-search-params-polyfill-8.2.5.tgz",
            "integrity": "sha512-FOEojW4XReTmtZOB7xqSHmJZhrNTmClhBriwLTmle4iA7bwuCo6ldSfbtsFSb8bTf3E0a3XpfonAdaur9vqq8A=="
        },
        "uview-ui": {
            "version": "2.0.38",
            "resolved": "https://registry.npmmirror.com/uview-ui/-/uview-ui-2.0.38.tgz",
            "integrity": "sha512-6egHDf9lXHKpG3hEjRE0vMx4+VWwKk/ReTf5x18KrIKqdvdPRqO3+B8Unh7vYYwrIxzAWIlmhZ9RJpKI/4UqPQ=="
        }
    }
}
