{
    "name": "technician_mpweixin",
    "version": "1.0.5",
    "lockfileVersion": 1,
    "requires": true,
    "dependencies": {
        "cool": {
            "version": "0.0.1"
        },
        "dayjs": {
            "version": "1.11.10"
        },
        "url-search-params-polyfill": {
            "version": "8.2.5",
            "resolved": "https://registry.npmmirror.com/url-search-params-polyfill/-/url-search-params-polyfill-8.2.5.tgz",
            "integrity": "sha512-FOEojW4XReTmtZOB7xqSHmJZhrNTmClhBriwLTmle4iA7bwuCo6ldSfbtsFSb8bTf3E0a3XpfonAdaur9vqq8A=="
        },
        "uview-ui": {
            "version": "2.0.36"
        }
    }
}
